{
  "name": "react-native-stripe-client",
  "version": "0.0.1",
  "lockfileVersion": 1,
  "requires": true,
  "dependencies": {
    "form-urlencoded": {
      "version": "1.5.1",
      "resolved": "https://registry.npmjs.org/form-urlencoded/-/form-urlencoded-1.5.1.tgz",
      "integrity": "sha1-+2nRamRpNjs/2r+dJWo5p6XtLhM="
    }
  }
}
